
Microsoft Visual Studio Solution File, Format Version 12.00
# Visual Studio Version 17
VisualStudioVersion = 17.14.36414.22 d17.14
MinimumVisualStudioVersion = 10.0.40219.1
Project("{FAE04EC0-301F-11D3-BF4B-00C04F79EFBC}") = "Topic 2 Numbers Asignment", "Topic 2 Numbers Asignment.csproj", "{CBB7FCE9-1DC9-43EB-BEA5-43815FE3C8CF}"
EndProject
Global
	GlobalSection(SolutionConfigurationPlatforms) = preSolution
		Debug|Any CPU = Debug|Any CPU
		Release|Any CPU = Release|Any CPU
	EndGlobalSection
	GlobalSection(ProjectConfigurationPlatforms) = postSolution
		{CBB7FCE9-1DC9-43EB-BEA5-43815FE3C8CF}.Debug|Any CPU.ActiveCfg = Debug|Any CPU
		{CBB7FCE9-1DC9-43EB-BEA5-43815FE3C8CF}.Debug|Any CPU.Build.0 = Debug|Any CPU
		{CBB7FCE9-1DC9-43EB-BEA5-43815FE3C8CF}.Release|Any CPU.ActiveCfg = Release|Any CPU
		{CBB7FCE9-1DC9-43EB-BEA5-43815FE3C8CF}.Release|Any CPU.Build.0 = Release|Any CPU
	EndGlobalSection
	GlobalSection(SolutionProperties) = preSolution
		HideSolutionNode = FALSE
	EndGlobalSection
	GlobalSection(ExtensibilityGlobals) = postSolution
		SolutionGuid = {65194FE7-E820-4954-9BD9-428B58223EE3}
	EndGlobalSection
EndGlobal
